// !$*UTF8*$!
{
	archiveVersion = 1;
	classes = {
	};
	objectVersion = 46;
	objects = {

/* Begin PBXBuildFile section */
		D33C892C19FF56680094756C /* AppDelegate.swift in Sources */ = {isa = PBXBuildFile; fileRef = D33C892B19FF56680094756C /* AppDelegate.swift */; };
		D33C892E19FF56680094756C /* ViewController.swift in Sources */ = {isa = PBXBuildFile; fileRef = D33C892D19FF56680094756C /* ViewController.swift */; };
		D33C893119FF56680094756C /* Main.storyboard in Resources */ = {isa = PBXBuildFile; fileRef = D33C892F19FF56680094756C /* Main.storyboard */; };
		D33C893319FF56680094756C /* Images.xcassets in Resources */ = {isa = PBXBuildFile; fileRef = D33C893219FF56680094756C /* Images.xcassets */; };
		D33C893619FF56680094756C /* LaunchScreen.xib in Resources */ = {isa = PBXBuildFile; fileRef = D33C893419FF56680094756C /* LaunchScreen.xib */; };
		D33C894219FF56680094756C /* SwiftAutoLayoutTests.swift in Sources */ = {isa = PBXBuildFile; fileRef = D33C894119FF56680094756C /* SwiftAutoLayoutTests.swift */; };
/* End PBXBuildFile section */

/* Begin PBXContainerItemProxy section */
		D33C893C19FF56680094756C /* PBXContainerItemProxy */ = {
			isa = PBXContainerItemProxy;
			containerPortal = D33C891E19FF56670094756C /* Project object */;
			proxyType = 1;
			remoteGlobalIDString = D33C892519FF56680094756C;
			remoteInfo = SwiftAutoLayout;
		};
/* End PBXContainerItemProxy section */

/* Begin PBXFileReference section */
		D33C892619FF56680094756C /* SwiftAutoLayout.app */ = {isa = PBXFileReference; explicitFileType = wrapper.application; includeInIndex = 0; path = SwiftAutoLayout.app; sourceTree = BUILT_PRODUCTS_DIR; };
		D33C892A19FF56680094756C /* Info.plist */ = {isa = PBXFileReference; lastKnownFileType = text.plist.xml; path = Info.plist; sourceTree = "<group>"; };
		D33C892B19FF56680094756C /* AppDelegate.swift */ = {isa = PBXFileReference; lastKnownFileType = sourcecode.swift; path = AppDelegate.swift; sourceTree = "<group>"; };
		D33C892D19FF56680094756C /* ViewController.swift */ = {isa = PBXFileReference; lastKnownFileType = sourcecode.swift; path = ViewController.swift; sourceTree = "<group>"; };
		D33C893019FF56680094756C /* Base */ = {isa = PBXFileReference; lastKnownFileType = file.storyboard; name = Base; path = Base.lproj/Main.storyboard; sourceTree = "<group>"; };
		D33C893219FF56680094756C /* Images.xcassets */ = {isa = PBXFileReference; lastKnownFileType = folder.assetcatalog; path = Images.xcassets; sourceTree = "<group>"; };
		D33C893519FF56680094756C /* Base */ = {isa = PBXFileReference; lastKnownFileType = file.xib; name = Base; path = Base.lproj/LaunchScreen.xib; sourceTree = "<group>"; };
		D33C893B19FF56680094756C /* SwiftAutoLayoutTests.xctest */ = {isa = PBXFileReference; explicitFileType = wrapper.cfbundle; includeInIndex = 0; path = SwiftAutoLayoutTests.xctest; sourceTree = BUILT_PRODUCTS_DIR; };
		D33C894019FF56680094756C /* Info.plist */ = {isa = PBXFileReference; lastKnownFileType = text.plist.xml; path = Info.plist; sourceTree = "<group>"; };
		D33C894119FF56680094756C /* SwiftAutoLayoutTests.swift */ = {isa = PBXFileReference; lastKnownFileType = sourcecode.swift; path = SwiftAutoLayoutTests.swift; sourceTree = "<group>"; };
/* End PBXFileReference section */

/* Begin PBXFrameworksBuildPhase section */
		D33C892319FF56680094756C /* Frameworks */ = {
			isa = PBXFrameworksBuildPhase;
			buildActionMask = 2147483647;
			files = (
			);
			runOnlyForDeploymentPostprocessing = 0;
		};
		D33C893819FF56680094756C /* Frameworks */ = {
			isa = PBXFrameworksBuildPhase;
			buildActionMask = 2147483647;
			files = (
			);
			runOnlyForDeploymentPostprocessing = 0;
		};
/* End PBXFrameworksBuildPhase section */

/* Begin PBXGroup section */
		D33C891D19FF56670094756C = {
			isa = PBXGroup;
			children = (
				D33C892819FF56680094756C /* SwiftAutoLayout */,
				D33C893E19FF56680094756C /* SwiftAutoLayoutTests */,
				D33C892719FF56680094756C /* Products */,
			);
			sourceTree = "<group>";
		};
		D33C892719FF56680094756C /* Products */ = {
			isa = PBXGroup;
			children = (
				D33C892619FF56680094756C /* SwiftAutoLayout.app */,
				D33C893B19FF56680094756C /* SwiftAutoLayoutTests.xctest */,
			);
			name = Products;
			sourceTree = "<group>";
		};
		D33C892819FF56680094756C /* SwiftAutoLayout */ = {
			isa = PBXGroup;
			children = (
				D33C892B19FF56680094756C /* AppDelegate.swift */,
				D33C892D19FF56680094756C /* ViewController.swift */,
				D33C892F19FF56680094756C /* Main.storyboard */,
				D33C893219FF56680094756C /* Images.xcassets */,
				D33C893419FF56680094756C /* LaunchScreen.xib */,
				D33C892919FF56680094756C /* Supporting Files */,
			);
			path = SwiftAutoLayout;
			sourceTree = "<group>";
		};
		D33C892919FF56680094756C /* Supporting Files */ = {
			isa = PBXGroup;
			children = (
				D33C892A19FF56680094756C /* Info.plist */,
			);
			name = "Supporting Files";
			sourceTree = "<group>";
		};
		D33C893E19FF56680094756C /* SwiftAutoLayoutTests */ = {
			isa = PBXGroup;
			children = (
				D33C894119FF56680094756C /* SwiftAutoLayoutTests.swift */,
				D33C893F19FF56680094756C /* Supporting Files */,
			);
			path = SwiftAutoLayoutTests;
			sourceTree = "<group>";
		};
		D33C893F19FF56680094756C /* Supporting Files */ = {
			isa = PBXGroup;
			children = (
				D33C894019FF56680094756C /* Info.plist */,
			);
			name = "Supporting Files";
			sourceTree = "<group>";
		};
/* End PBXGroup section */

/* Begin PBXNativeTarget section */
		D33C892519FF56680094756C /* SwiftAutoLayout */ = {
			isa = PBXNativeTarget;
			buildConfigurationList = D33C894519FF56680094756C /* Build configuration list for PBXNativeTarget "SwiftAutoLayout" */;
			buildPhases = (
				D33C892219FF56680094756C /* Sources */,
				D33C892319FF56680094756C /* Frameworks */,
				D33C892419FF56680094756C /* Resources */,
			);
			buildRules = (
			);
			dependencies = (
			);
			name = SwiftAutoLayout;
			productName = SwiftAutoLayout;
			productReference = D33C892619FF56680094756C /* SwiftAutoLayout.app */;
			productType = "com.apple.product-type.application";
		};
		D33C893A19FF56680094756C /* SwiftAutoLayoutTests */ = {
			isa = PBXNativeTarget;
			buildConfigurationList = D33C894819FF56680094756C /* Build configuration list for PBXNativeTarget "SwiftAutoLayoutTests" */;
			buildPhases = (
				D33C893719FF56680094756C /* Sources */,
				D33C893819FF56680094756C /* Frameworks */,
				D33C893919FF56680094756C /* Resources */,
			);
			buildRules = (
			);
			dependencies = (
				D33C893D19FF56680094756C /* PBXTargetDependency */,
			);
			name = SwiftAutoLayoutTests;
			productName = SwiftAutoLayoutTests;
			productReference = D33C893B19FF56680094756C /* SwiftAutoLayoutTests.xctest */;
			productType = "com.apple.product-type.bundle.unit-test";
		};
/* End PBXNativeTarget section */

/* Begin PBXProject section */
		D33C891E19FF56670094756C /* Project object */ = {
			isa = PBXProject;
			attributes = {
				LastUpgradeCheck = 0610;
				ORGANIZATIONNAME = thanawat.s;
				TargetAttributes = {
					D33C892519FF56680094756C = {
						CreatedOnToolsVersion = 6.1;
					};
					D33C893A19FF56680094756C = {
						CreatedOnToolsVersion = 6.1;
						TestTargetID = D33C892519FF56680094756C;
					};
				};
			};
			buildConfigurationList = D33C892119FF56670094756C /* Build configuration list for PBXProject "SwiftAutoLayout" */;
			compatibilityVersion = "Xcode 3.2";
			developmentRegion = English;
			hasScannedForEncodings = 0;
			knownRegions = (
				en,
				Base,
			);
			mainGroup = D33C891D19FF56670094756C;
			productRefGroup = D33C892719FF56680094756C /* Products */;
			projectDirPath = "";
			projectRoot = "";
			targets = (
				D33C892519FF56680094756C /* SwiftAutoLayout */,
				D33C893A19FF56680094756C /* SwiftAutoLayoutTests */,
			);
		};
/* End PBXProject section */

/* Begin PBXResourcesBuildPhase section */
		D33C892419FF56680094756C /* Resources */ = {
			isa = PBXResourcesBuildPhase;
			buildActionMask = 2147483647;
			files = (
				D33C893119FF56680094756C /* Main.storyboard in Resources */,
				D33C893619FF56680094756C /* LaunchScreen.xib in Resources */,
				D33C893319FF56680094756C /* Images.xcassets in Resources */,
			);
			runOnlyForDeploymentPostprocessing = 0;
		};
		D33C893919FF56680094756C /* Resources */ = {
			isa = PBXResourcesBuildPhase;
			buildActionMask = 2147483647;
			files = (
			);
			runOnlyForDeploymentPostprocessing = 0;
		};
/* End PBXResourcesBuildPhase section */

/* Begin PBXSourcesBuildPhase section */
		D33C892219FF56680094756C /* Sources */ = {
			isa = PBXSourcesBuildPhase;
			buildActionMask = 2147483647;
			files = (
				D33C892E19FF56680094756C /* ViewController.swift in Sources */,
				D33C892C19FF56680094756C /* AppDelegate.swift in Sources */,
			);
			runOnlyForDeploymentPostprocessing = 0;
		};
		D33C893719FF56680094756C /* Sources */ = {
			isa = PBXSourcesBuildPhase;
			buildActionMask = 2147483647;
			files = (
				D33C894219FF56680094756C /* SwiftAutoLayoutTests.swift in Sources */,
			);
			runOnlyForDeploymentPostprocessing = 0;
		};
/* End PBXSourcesBuildPhase section */

/* Begin PBXTargetDependency section */
		D33C893D19FF56680094756C /* PBXTargetDependency */ = {
			isa = PBXTargetDependency;
			target = D33C892519FF56680094756C /* SwiftAutoLayout */;
			targetProxy = D33C893C19FF56680094756C /* PBXContainerItemProxy */;
		};
/* End PBXTargetDependency section */

/* Begin PBXVariantGroup section */
		D33C892F19FF56680094756C /* Main.storyboard */ = {
			isa = PBXVariantGroup;
			children = (
				D33C893019FF56680094756C /* Base */,
			);
			name = Main.storyboard;
			sourceTree = "<group>";
		};
		D33C893419FF56680094756C /* LaunchScreen.xib */ = {
			isa = PBXVariantGroup;
			children = (
				D33C893519FF56680094756C /* Base */,
			);
			name = LaunchScreen.xib;
			sourceTree = "<group>";
		};
/* End PBXVariantGroup section */

/* Begin XCBuildConfiguration section */
		D33C894319FF56680094756C /* Debug */ = {
			isa = XCBuildConfiguration;
			buildSettings = {
				ALWAYS_SEARCH_USER_PATHS = NO;
				CLANG_CXX_LANGUAGE_STANDARD = "gnu++0x";
				CLANG_CXX_LIBRARY = "libc++";
				CLANG_ENABLE_MODULES = YES;
				CLANG_ENABLE_OBJC_ARC = YES;
				CLANG_WARN_BOOL_CONVERSION = YES;
				CLANG_WARN_CONSTANT_CONVERSION = YES;
				CLANG_WARN_DIRECT_OBJC_ISA_USAGE = YES_ERROR;
				CLANG_WARN_EMPTY_BODY = YES;
				CLANG_WARN_ENUM_CONVERSION = YES;
				CLANG_WARN_INT_CONVERSION = YES;
				CLANG_WARN_OBJC_ROOT_CLASS = YES_ERROR;
				CLANG_WARN_UNREACHABLE_CODE = YES;
				CLANG_WARN__DUPLICATE_METHOD_MATCH = YES;
				"CODE_SIGN_IDENTITY[sdk=iphoneos*]" = "iPhone Developer";
				COPY_PHASE_STRIP = NO;
				ENABLE_STRICT_OBJC_MSGSEND = YES;
				GCC_C_LANGUAGE_STANDARD = gnu99;
				GCC_DYNAMIC_NO_PIC = NO;
				GCC_OPTIMIZATION_LEVEL = 0;
				GCC_PREPROCESSOR_DEFINITIONS = (
					"DEBUG=1",
					"$(inherited)",
				);
				GCC_SYMBOLS_PRIVATE_EXTERN = NO;
				GCC_WARN_64_TO_32_BIT_CONVERSION = YES;
				GCC_WARN_ABOUT_RETURN_TYPE = YES_ERROR;
				GCC_WARN_UNDECLARED_SELECTOR = YES;
				GCC_WARN_UNINITIALIZED_AUTOS = YES_AGGRESSIVE;
				GCC_WARN_UNUSED_FUNCTION = YES;
				GCC_WARN_UNUSED_VARIABLE = YES;
				IPHONEOS_DEPLOYMENT_TARGET = 8.1;
				MTL_ENABLE_DEBUG_INFO = YES;
				ONLY_ACTIVE_ARCH = YES;
				SDKROOT = iphoneos;
				SWIFT_OPTIMIZATION_LEVEL = "-Onone";
			};
			name = Debug;
		};
		D33C894419FF56680094756C /* Release */ = {
			isa = XCBuildConfiguration;
			buildSettings = {
				ALWAYS_SEARCH_USER_PATHS = NO;
				CLANG_CXX_LANGUAGE_STANDARD = "gnu++0x";
				CLANG_CXX_LIBRARY = "libc++";
				CLANG_ENABLE_MODULES = YES;
				CLANG_ENABLE_OBJC_ARC = YES;
				CLANG_WARN_BOOL_CONVERSION = YES;
				CLANG_WARN_CONSTANT_CONVERSION = YES;
				CLANG_WARN_DIRECT_OBJC_ISA_USAGE = YES_ERROR;
				CLANG_WARN_EMPTY_BODY = YES;
				CLANG_WARN_ENUM_CONVERSION = YES;
				CLANG_WARN_INT_CONVERSION = YES;
				CLANG_WARN_OBJC_ROOT_CLASS = YES_ERROR;
				CLANG_WARN_UNREACHABLE_CODE = YES;
				CLANG_WARN__DUPLICATE_METHOD_MATCH = YES;
				"CODE_SIGN_IDENTITY[sdk=iphoneos*]" = "iPhone Developer";
				COPY_PHASE_STRIP = YES;
				ENABLE_NS_ASSERTIONS = NO;
				ENABLE_STRICT_OBJC_MSGSEND = YES;
				GCC_C_LANGUAGE_STANDARD = gnu99;
				GCC_WARN_64_TO_32_BIT_CONVERSION = YES;
				GCC_WARN_ABOUT_RETURN_TYPE = YES_ERROR;
				GCC_WARN_UNDECLARED_SELECTOR = YES;
				GCC_WARN_UNINITIALIZED_AUTOS = YES_AGGRESSIVE;
				GCC_WARN_UNUSED_FUNCTION = YES;
				GCC_WARN_UNUSED_VARIABLE = YES;
				IPHONEOS_DEPLOYMENT_TARGET = 8.1;
				MTL_ENABLE_DEBUG_INFO = NO;
				SDKROOT = iphoneos;
				VALIDATE_PRODUCT = YES;
			};
			name = Release;
		};
		D33C894619FF56680094756C /* Debug */ = {
			isa = XCBuildConfiguration;
			buildSettings = {
				ASSETCATALOG_COMPILER_APPICON_NAME = AppIcon;
				INFOPLIST_FILE = SwiftAutoLayout/Info.plist;
				LD_RUNPATH_SEARCH_PATHS = "$(inherited) @executable_path/Frameworks";
				PRODUCT_NAME = "$(TARGET_NAME)";
			};
			name = Debug;
		};
		D33C894719FF56680094756C /* Release */ = {
			isa = XCBuildConfiguration;
			buildSettings = {
				ASSETCATALOG_COMPILER_APPICON_NAME = AppIcon;
				INFOPLIST_FILE = SwiftAutoLayout/Info.plist;
				LD_RUNPATH_SEARCH_PATHS = "$(inherited) @executable_path/Frameworks";
				PRODUCT_NAME = "$(TARGET_NAME)";
			};
			name = Release;
		};
		D33C894919FF56680094756C /* Debug */ = {
			isa = XCBuildConfiguration;
			buildSettings = {
				BUNDLE_LOADER = "$(TEST_HOST)";
				FRAMEWORK_SEARCH_PATHS = (
					"$(SDKROOT)/Developer/Library/Frameworks",
					"$(inherited)",
				);
				GCC_PREPROCESSOR_DEFINITIONS = (
					"DEBUG=1",
					"$(inherited)",
				);
				INFOPLIST_FILE = SwiftAutoLayoutTests/Info.plist;
				LD_RUNPATH_SEARCH_PATHS = "$(inherited) @executable_path/Frameworks @loader_path/Frameworks";
				PRODUCT_NAME = "$(TARGET_NAME)";
				TEST_HOST = "$(BUILT_PRODUCTS_DIR)/SwiftAutoLayout.app/SwiftAutoLayout";
			};
			name = Debug;
		};
		D33C894A19FF56680094756C /* Release */ = {
			isa = XCBuildConfiguration;
			buildSettings = {
				BUNDLE_LOADER = "$(TEST_HOST)";
				FRAMEWORK_SEARCH_PATHS = (
					"$(SDKROOT)/Developer/Library/Frameworks",
					"$(inherited)",
				);
				INFOPLIST_FILE = SwiftAutoLayoutTests/Info.plist;
				LD_RUNPATH_SEARCH_PATHS = "$(inherited) @executable_path/Frameworks @loader_path/Frameworks";
				PRODUCT_NAME = "$(TARGET_NAME)";
				TEST_HOST = "$(BUILT_PRODUCTS_DIR)/SwiftAutoLayout.app/SwiftAutoLayout";
			};
			name = Release;
		};
/* End XCBuildConfiguration section */

/* Begin XCConfigurationList section */
		D33C892119FF56670094756C /* Build configuration list for PBXProject "SwiftAutoLayout" */ = {
			isa = XCConfigurationList;
			buildConfigurations = (
				D33C894319FF56680094756C /* Debug */,
				D33C894419FF56680094756C /* Release */,
			);
			defaultConfigurationIsVisible = 0;
			defaultConfigurationName = Release;
		};
		D33C894519FF56680094756C /* Build configuration list for PBXNativeTarget "SwiftAutoLayout" */ = {
			isa = XCConfigurationList;
			buildConfigurations = (
				D33C894619FF56680094756C /* Debug */,
				D33C894719FF56680094756C /* Release */,
			);
			defaultConfigurationIsVisible = 0;
		};
		D33C894819FF56680094756C /* Build configuration list for PBXNativeTarget "SwiftAutoLayoutTests" */ = {
			isa = XCConfigurationList;
			buildConfigurations = (
				D33C894919FF56680094756C /* Debug */,
				D33C894A19FF56680094756C /* Release */,
			);
			defaultConfigurationIsVisible = 0;
		};
/* End XCConfigurationList section */
	};
	rootObject = D33C891E19FF56670094756C /* Project object */;
}
